
Microsoft Visual Studio Solution File, Format Version 12.00
# Visual Studio Version 16
VisualStudioVersion = 16.0.30717.126
MinimumVisualStudioVersion = 10.0.40219.1
Project("{8BC9CEB8-8B4A-11D0-8D11-00A0C91BC942}") = "wsk_training5", "wsk_training5\wsk_training5.vcxproj", "{39B40CB6-52FC-4596-9EFF-CC33F30AC604}"
EndProject
Global
	GlobalSection(SolutionConfigurationPlatforms) = preSolution
		Debug|x64 = Debug|x64
		Debug|x86 = Debug|x86
		Release|x64 = Release|x64
		Release|x86 = Release|x86
	EndGlobalSection
	GlobalSection(ProjectConfigurationPlatforms) = postSolution
		{39B40CB6-52FC-4596-9EFF-CC33F30AC604}.Debug|x64.ActiveCfg = Debug|x64
		{39B40CB6-52FC-4596-9EFF-CC33F30AC604}.Debug|x64.Build.0 = Debug|x64
		{39B40CB6-52FC-4596-9EFF-CC33F30AC604}.Debug|x86.ActiveCfg = Debug|Win32
		{39B40CB6-52FC-4596-9EFF-CC33F30AC604}.Debug|x86.Build.0 = Debug|Win32
		{39B40CB6-52FC-4596-9EFF-CC33F30AC604}.Release|x64.ActiveCfg = Release|x64
		{39B40CB6-52FC-4596-9EFF-CC33F30AC604}.Release|x64.Build.0 = Release|x64
		{39B40CB6-52FC-4596-9EFF-CC33F30AC604}.Release|x86.ActiveCfg = Release|Win32
		{39B40CB6-52FC-4596-9EFF-CC33F30AC604}.Release|x86.Build.0 = Release|Win32
	EndGlobalSection
	GlobalSection(SolutionProperties) = preSolution
		HideSolutionNode = FALSE
	EndGlobalSection
	GlobalSection(ExtensibilityGlobals) = postSolution
		SolutionGuid = {3BD70129-A472-43B7-850A-A42B21237E78}
	EndGlobalSection
EndGlobal
